
Microsoft Visual Studio Solution File, Format Version 12.00
# Visual Studio Version 16
VisualStudioVersion = 16.0.30907.101
MinimumVisualStudioVersion = 10.0.40219.1
Project("{9A19103F-16F7-4668-BE54-9A1E7A4F7556}") = "teslacamviewer", "teslacamviewer.csproj", "{D7CD54FC-8EBE-4006-A1A7-33E0212DDA2F}"
EndProject
Global
	GlobalSection(SolutionConfigurationPlatforms) = preSolution
		Debug|Any CPU = Debug|Any CPU
		Release|Any CPU = Release|Any CPU
	EndGlobalSection
	GlobalSection(ProjectConfigurationPlatforms) = postSolution
		{D7CD54FC-8EBE-4006-A1A7-33E0212DDA2F}.Debug|Any CPU.ActiveCfg = Debug|Any CPU
		{D7CD54FC-8EBE-4006-A1A7-33E0212DDA2F}.Debug|Any CPU.Build.0 = Debug|Any CPU
		{D7CD54FC-8EBE-4006-A1A7-33E0212DDA2F}.Release|Any CPU.ActiveCfg = Release|Any CPU
		{D7CD54FC-8EBE-4006-A1A7-33E0212DDA2F}.Release|Any CPU.Build.0 = Release|Any CPU
	EndGlobalSection
	GlobalSection(SolutionProperties) = preSolution
		HideSolutionNode = FALSE
	EndGlobalSection
	GlobalSection(ExtensibilityGlobals) = postSolution
		SolutionGuid = {FD2EB8A7-2F73-4DA6-8765-E16A5BC3536A}
	EndGlobalSection
EndGlobal
